{
  "name": "web_scanner",
  "version": "1.0.0",
  "lockfileVersion": 1,
  "requires": true,
  "dependencies": {
    "babel-polyfill": {
      "version": "6.26.0",
      "resolved": "https://registry.npm.taobao.org/babel-polyfill/download/babel-polyfill-6.26.0.tgz",
      "integrity": "sha1-N5k3q8Z9eJWXCtxiHyhM2WbPIVM=",
      "requires": {
        "babel-runtime": "^6.26.0",
        "core-js": "^2.5.0",
        "regenerator-runtime": "^0.10.5"
      }
    },
    "babel-runtime": {
      "version": "6.26.0",
      "resolved": "http://registry.npm.taobao.org/babel-runtime/download/babel-runtime-6.26.0.tgz",
      "integrity": "sha1-llxwWGaOgrVde/4E/yM3vItWR/4=",
      "requires": {
        "core-js": "^2.4.0",
        "regenerator-runtime": "^0.11.0"
      },
      "dependencies": {
        "regenerator-runtime": {
          "version": "0.11.1",
          "resolved": "http://registry.npm.taobao.org/regenerator-runtime/download/regenerator-runtime-0.11.1.tgz",
          "integrity": "sha1-vgWtf5v30i4Fb5cmzuUBf78Z4uk="
        }
      }
    },
    "core-js": {
      "version": "2.6.9",
      "resolved": "https://registry.npm.taobao.org/core-js/download/core-js-2.6.9.tgz",
      "integrity": "sha1-a0shRiDINBUuF5Mjcn/Bl0GwhPI="
    },
    "es6-promise": {
      "version": "4.2.6",
      "resolved": "http://registry.npm.taobao.org/es6-promise/download/es6-promise-4.2.6.tgz",
      "integrity": "sha1-toXt2CWIhjZepitX0w3ij63Nl08="
    },
    "fsm-as-promised": {
      "version": "0.13.2",
      "resolved": "https://registry.npm.taobao.org/fsm-as-promised/download/fsm-as-promised-0.13.2.tgz",
      "integrity": "sha1-X04RCGgotwoZItx7T4HAgX1ugjg=",
      "requires": {
        "es6-promise": "^4.0.2",
        "lodash": "^4.16.2",
        "stampit": "^3.0.1"
      }
    },
    "instascan": {
      "version": "1.0.0",
      "resolved": "https://registry.npm.taobao.org/instascan/download/instascan-1.0.0.tgz",
      "integrity": "sha1-3llJ9z9pj43/aN8Ke89pQqeZ7kQ=",
      "requires": {
        "babel-polyfill": "^6.9.1",
        "fsm-as-promised": "^0.13.0",
        "visibilityjs": "^1.2.3",
        "webrtc-adapter": "^1.4.0"
      }
    },
    "lodash": {
      "version": "4.17.21",
      "resolved": "https://registry.npmjs.org/lodash/-/lodash-4.17.21.tgz",
      "integrity": "sha512-v2kDEe57lecTulaDIuNTPy3Ry4gLGJ6Z1O3vE1krgXZNrsQ+LFTGHVxVjcXPs17LhbZVGedAJv8XZ1tvj5FvSg=="
    },
    "regenerator-runtime": {
      "version": "0.10.5",
      "resolved": "http://registry.npm.taobao.org/regenerator-runtime/download/regenerator-runtime-0.10.5.tgz",
      "integrity": "sha1-M2w+/BIgrc7dosn6tntaeVWjNlg="
    },
    "sdp": {
      "version": "1.5.4",
      "resolved": "https://registry.npm.taobao.org/sdp/download/sdp-1.5.4.tgz",
      "integrity": "sha1-jgOPbdsUvXZa4fS1IW4SCUUR4NA="
    },
    "stampit": {
      "version": "3.2.1",
      "resolved": "https://registry.npm.taobao.org/stampit/download/stampit-3.2.1.tgz",
      "integrity": "sha1-lTpBpJRYoLKG/7HjydbOcDblids="
    },
    "visibilityjs": {
      "version": "1.2.8",
      "resolved": "https://registry.npm.taobao.org/visibilityjs/download/visibilityjs-1.2.8.tgz",
      "integrity": "sha1-TM3Ova7ws0+4khmrjhDjnDp8v9g="
    },
    "webrtc-adapter": {
      "version": "1.4.0",
      "resolved": "https://registry.npm.taobao.org/webrtc-adapter/download/webrtc-adapter-1.4.0.tgz",
      "integrity": "sha1-WCiaY9BUxls2+w7zieovbQx/XZg=",
      "requires": {
        "sdp": "^1.0.0"
      }
    }
  }
}
